
Microsoft Visual Studio Solution File, Format Version 12.00
# Visual Studio Version 16
VisualStudioVersion = 16.0.30907.101
MinimumVisualStudioVersion = 10.0.40219.1
Project("{FAE04EC0-301F-11D3-BF4B-00C04F79EFBC}") = "lab2", "lab2\lab2.csproj", "{DCECA34B-91F3-4C01-8132-32CB14604C05}"
EndProject
Global
	GlobalSection(SolutionConfigurationPlatforms) = preSolution
		Debug|Any CPU = Debug|Any CPU
		Release|Any CPU = Release|Any CPU
	EndGlobalSection
	GlobalSection(ProjectConfigurationPlatforms) = postSolution
		{DCECA34B-91F3-4C01-8132-32CB14604C05}.Debug|Any CPU.ActiveCfg = Debug|Any CPU
		{DCECA34B-91F3-4C01-8132-32CB14604C05}.Debug|Any CPU.Build.0 = Debug|Any CPU
		{DCECA34B-91F3-4C01-8132-32CB14604C05}.Release|Any CPU.ActiveCfg = Release|Any CPU
		{DCECA34B-91F3-4C01-8132-32CB14604C05}.Release|Any CPU.Build.0 = Release|Any CPU
	EndGlobalSection
	GlobalSection(SolutionProperties) = preSolution
		HideSolutionNode = FALSE
	EndGlobalSection
	GlobalSection(ExtensibilityGlobals) = postSolution
		SolutionGuid = {DB685C14-3E69-486B-99F7-4E3E93F9A539}
	EndGlobalSection
EndGlobal
